
Microsoft Visual Studio Solution File, Format Version 12.00
# Visual Studio Version 16
VisualStudioVersion = 16.0.30621.155
MinimumVisualStudioVersion = 10.0.40219.1
Project("{9A19103F-16F7-4668-BE54-9A1E7A4F7556}") = "SalesData.API", "SalesData.API\SalesData.API.csproj", "{91A86CF8-6EAC-4D15-93D1-A9409E2856BD}"
EndProject
Project("{9A19103F-16F7-4668-BE54-9A1E7A4F7556}") = "SalesData.BL", "SalesData.BL\SalesData.BL.csproj", "{8A2770EC-1027-4488-ACB2-9954FE5308DD}"
EndProject
Project("{9A19103F-16F7-4668-BE54-9A1E7A4F7556}") = "SalesData.DATA", "SalesData.DATA\SalesData.DATA.csproj", "{731D7864-9BD5-45D2-914F-832E1D61CE9D}"
EndProject
Project("{2150E333-8FDC-42A3-9474-1A3956D46DE8}") = "Tests", "Tests", "{C5830895-277B-4299-A72E-53AB00059131}"
EndProject
Project("{FAE04EC0-301F-11D3-BF4B-00C04F79EFBC}") = "Tests.SalesData.API", "Tests.SalesData.API\Tests.SalesData.API.csproj", "{4E586D7F-0271-4AA7-ADF5-54BA703B89C8}"
EndProject
Global
	GlobalSection(SolutionConfigurationPlatforms) = preSolution
		Debug|Any CPU = Debug|Any CPU
		Release|Any CPU = Release|Any CPU
	EndGlobalSection
	GlobalSection(ProjectConfigurationPlatforms) = postSolution
		{91A86CF8-6EAC-4D15-93D1-A9409E2856BD}.Debug|Any CPU.ActiveCfg = Debug|Any CPU
		{91A86CF8-6EAC-4D15-93D1-A9409E2856BD}.Debug|Any CPU.Build.0 = Debug|Any CPU
		{91A86CF8-6EAC-4D15-93D1-A9409E2856BD}.Release|Any CPU.ActiveCfg = Release|Any CPU
		{91A86CF8-6EAC-4D15-93D1-A9409E2856BD}.Release|Any CPU.Build.0 = Release|Any CPU
		{8A2770EC-1027-4488-ACB2-9954FE5308DD}.Debug|Any CPU.ActiveCfg = Debug|Any CPU
		{8A2770EC-1027-4488-ACB2-9954FE5308DD}.Debug|Any CPU.Build.0 = Debug|Any CPU
		{8A2770EC-1027-4488-ACB2-9954FE5308DD}.Release|Any CPU.ActiveCfg = Release|Any CPU
		{8A2770EC-1027-4488-ACB2-9954FE5308DD}.Release|Any CPU.Build.0 = Release|Any CPU
		{731D7864-9BD5-45D2-914F-832E1D61CE9D}.Debug|Any CPU.ActiveCfg = Debug|Any CPU
		{731D7864-9BD5-45D2-914F-832E1D61CE9D}.Debug|Any CPU.Build.0 = Debug|Any CPU
		{731D7864-9BD5-45D2-914F-832E1D61CE9D}.Release|Any CPU.ActiveCfg = Release|Any CPU
		{731D7864-9BD5-45D2-914F-832E1D61CE9D}.Release|Any CPU.Build.0 = Release|Any CPU
		{4E586D7F-0271-4AA7-ADF5-54BA703B89C8}.Debug|Any CPU.ActiveCfg = Debug|Any CPU
		{4E586D7F-0271-4AA7-ADF5-54BA703B89C8}.Debug|Any CPU.Build.0 = Debug|Any CPU
		{4E586D7F-0271-4AA7-ADF5-54BA703B89C8}.Release|Any CPU.ActiveCfg = Release|Any CPU
		{4E586D7F-0271-4AA7-ADF5-54BA703B89C8}.Release|Any CPU.Build.0 = Release|Any CPU
	EndGlobalSection
	GlobalSection(SolutionProperties) = preSolution
		HideSolutionNode = FALSE
	EndGlobalSection
	GlobalSection(NestedProjects) = preSolution
		{4E586D7F-0271-4AA7-ADF5-54BA703B89C8} = {C5830895-277B-4299-A72E-53AB00059131}
	EndGlobalSection
	GlobalSection(ExtensibilityGlobals) = postSolution
		SolutionGuid = {57DC6F2D-4C32-4AD3-997A-5BC29F45F401}
	EndGlobalSection
EndGlobal
